// !$*UTF8*$!
{
	archiveVersion = 1;
	classes = {
	};
	objectVersion = 48;
	objects = {

/* Begin PBXBuildFile section */
		745DA2C3200CBF5A0080C6A3 /* AppDelegate.swift in Sources */ = {isa = PBXBuildFile; fileRef = 745DA2C2200CBF5A0080C6A3 /* AppDelegate.swift */; };
		745DA2C5200CBF5B0080C6A3 /* ConversionViewController.swift in Sources */ = {isa = PBXBuildFile; fileRef = 745DA2C4200CBF5B0080C6A3 /* ConversionViewController.swift */; };
		745DA2C8200CBF5B0080C6A3 /* Main.storyboard in Resources */ = {isa = PBXBuildFile; fileRef = 745DA2C6200CBF5B0080C6A3 /* Main.storyboard */; };
		745DA2CA200CBF5B0080C6A3 /* Assets.xcassets in Resources */ = {isa = PBXBuildFile; fileRef = 745DA2C9200CBF5B0080C6A3 /* Assets.xcassets */; };
		745DA2CD200CBF5B0080C6A3 /* LaunchScreen.storyboard in Resources */ = {isa = PBXBuildFile; fileRef = 745DA2CB200CBF5B0080C6A3 /* LaunchScreen.storyboard */; };
		74DC4899200DECEC008E9601 /* ConversionView.swift in Sources */ = {isa = PBXBuildFile; fileRef = 74DC4898200DECEC008E9601 /* ConversionView.swift */; };
		74DC489B200DECF7008E9601 /* ConversionView.xib in Resources */ = {isa = PBXBuildFile; fileRef = 74DC489A200DECF7008E9601 /* ConversionView.xib */; };
		74DC489D200E219D008E9601 /* ConversionContainerView.swift in Sources */ = {isa = PBXBuildFile; fileRef = 74DC489C200E219D008E9601 /* ConversionContainerView.swift */; };
/* End PBXBuildFile section */

/* Begin PBXFileReference section */
		745DA2BF200CBF5A0080C6A3 /* BHD-INR.app */ = {isa = PBXFileReference; explicitFileType = wrapper.application; includeInIndex = 0; path = "BHD-INR.app"; sourceTree = BUILT_PRODUCTS_DIR; };
		745DA2C2200CBF5A0080C6A3 /* AppDelegate.swift */ = {isa = PBXFileReference; lastKnownFileType = sourcecode.swift; path = AppDelegate.swift; sourceTree = "<group>"; };
		745DA2C4200CBF5B0080C6A3 /* ConversionViewController.swift */ = {isa = PBXFileReference; lastKnownFileType = sourcecode.swift; path = ConversionViewController.swift; sourceTree = "<group>"; };
		745DA2C7200CBF5B0080C6A3 /* Base */ = {isa = PBXFileReference; lastKnownFileType = file.storyboard; name = Base; path = Base.lproj/Main.storyboard; sourceTree = "<group>"; };
		745DA2C9200CBF5B0080C6A3 /* Assets.xcassets */ = {isa = PBXFileReference; lastKnownFileType = folder.assetcatalog; path = Assets.xcassets; sourceTree = "<group>"; };
		745DA2CC200CBF5B0080C6A3 /* Base */ = {isa = PBXFileReference; lastKnownFileType = file.storyboard; name = Base; path = Base.lproj/LaunchScreen.storyboard; sourceTree = "<group>"; };
		745DA2CE200CBF5B0080C6A3 /* Info.plist */ = {isa = PBXFileReference; lastKnownFileType = text.plist.xml; path = Info.plist; sourceTree = "<group>"; };
		74DC4898200DECEC008E9601 /* ConversionView.swift */ = {isa = PBXFileReference; lastKnownFileType = sourcecode.swift; path = ConversionView.swift; sourceTree = "<group>"; };
		74DC489A200DECF7008E9601 /* ConversionView.xib */ = {isa = PBXFileReference; lastKnownFileType = file.xib; path = ConversionView.xib; sourceTree = "<group>"; };
		74DC489C200E219D008E9601 /* ConversionContainerView.swift */ = {isa = PBXFileReference; lastKnownFileType = sourcecode.swift; path = ConversionContainerView.swift; sourceTree = "<group>"; };
/* End PBXFileReference section */

/* Begin PBXFrameworksBuildPhase section */
		745DA2BC200CBF5A0080C6A3 /* Frameworks */ = {
			isa = PBXFrameworksBuildPhase;
			buildActionMask = 2147483647;
			files = (
			);
			runOnlyForDeploymentPostprocessing = 0;
		};
/* End PBXFrameworksBuildPhase section */

/* Begin PBXGroup section */
		7442EC54200F6AAC0030409A /* Supporting files */ = {
			isa = PBXGroup;
			children = (
				745DA2CE200CBF5B0080C6A3 /* Info.plist */,
				745DA2CB200CBF5B0080C6A3 /* LaunchScreen.storyboard */,
			);
			path = "Supporting files";
			sourceTree = "<group>";
		};
		7442EC55200F6AB90030409A /* Resources */ = {
			isa = PBXGroup;
			children = (
				745DA2C9200CBF5B0080C6A3 /* Assets.xcassets */,
			);
			path = Resources;
			sourceTree = "<group>";
		};
		7442EC56200F6AD30030409A /* Code */ = {
			isa = PBXGroup;
			children = (
				745DA2C2200CBF5A0080C6A3 /* AppDelegate.swift */,
				745DA2C4200CBF5B0080C6A3 /* ConversionViewController.swift */,
				745DA2C6200CBF5B0080C6A3 /* Main.storyboard */,
				74DC4898200DECEC008E9601 /* ConversionView.swift */,
				74DC489A200DECF7008E9601 /* ConversionView.xib */,
				74DC489C200E219D008E9601 /* ConversionContainerView.swift */,
			);
			path = Code;
			sourceTree = "<group>";
		};
		745DA2B6200CBF5A0080C6A3 = {
			isa = PBXGroup;
			children = (
				745DA2C1200CBF5A0080C6A3 /* BHD-INR */,
				745DA2C0200CBF5A0080C6A3 /* Products */,
			);
			sourceTree = "<group>";
		};
		745DA2C0200CBF5A0080C6A3 /* Products */ = {
			isa = PBXGroup;
			children = (
				745DA2BF200CBF5A0080C6A3 /* BHD-INR.app */,
			);
			name = Products;
			sourceTree = "<group>";
		};
		745DA2C1200CBF5A0080C6A3 /* BHD-INR */ = {
			isa = PBXGroup;
			children = (
				7442EC56200F6AD30030409A /* Code */,
				7442EC55200F6AB90030409A /* Resources */,
				7442EC54200F6AAC0030409A /* Supporting files */,
			);
			path = "BHD-INR";
			sourceTree = "<group>";
		};
/* End PBXGroup section */

/* Begin PBXNativeTarget section */
		745DA2BE200CBF5A0080C6A3 /* BHD-INR */ = {
			isa = PBXNativeTarget;
			buildConfigurationList = 745DA2D1200CBF5B0080C6A3 /* Build configuration list for PBXNativeTarget "BHD-INR" */;
			buildPhases = (
				745DA2BB200CBF5A0080C6A3 /* Sources */,
				745DA2BC200CBF5A0080C6A3 /* Frameworks */,
				745DA2BD200CBF5A0080C6A3 /* Resources */,
			);
			buildRules = (
			);
			dependencies = (
			);
			name = "BHD-INR";
			productName = "BHD-INR";
			productReference = 745DA2BF200CBF5A0080C6A3 /* BHD-INR.app */;
			productType = "com.apple.product-type.application";
		};
/* End PBXNativeTarget section */

/* Begin PBXProject section */
		745DA2B7200CBF5A0080C6A3 /* Project object */ = {
			isa = PBXProject;
			attributes = {
				LastSwiftUpdateCheck = 0920;
				LastUpgradeCheck = 0920;
				ORGANIZATIONNAME = "e-Legion";
				TargetAttributes = {
					745DA2BE200CBF5A0080C6A3 = {
						CreatedOnToolsVersion = 9.2;
						LastSwiftMigration = 1010;
						ProvisioningStyle = Automatic;
					};
				};
			};
			buildConfigurationList = 745DA2BA200CBF5A0080C6A3 /* Build configuration list for PBXProject "BHD-INR" */;
			compatibilityVersion = "Xcode 8.0";
			developmentRegion = en;
			hasScannedForEncodings = 0;
			knownRegions = (
				en,
				Base,
			);
			mainGroup = 745DA2B6200CBF5A0080C6A3;
			productRefGroup = 745DA2C0200CBF5A0080C6A3 /* Products */;
			projectDirPath = "";
			projectRoot = "";
			targets = (
				745DA2BE200CBF5A0080C6A3 /* BHD-INR */,
			);
		};
/* End PBXProject section */

/* Begin PBXResourcesBuildPhase section */
		745DA2BD200CBF5A0080C6A3 /* Resources */ = {
			isa = PBXResourcesBuildPhase;
			buildActionMask = 2147483647;
			files = (
				74DC489B200DECF7008E9601 /* ConversionView.xib in Resources */,
				745DA2CD200CBF5B0080C6A3 /* LaunchScreen.storyboard in Resources */,
				745DA2CA200CBF5B0080C6A3 /* Assets.xcassets in Resources */,
				745DA2C8200CBF5B0080C6A3 /* Main.storyboard in Resources */,
			);
			runOnlyForDeploymentPostprocessing = 0;
		};
/* End PBXResourcesBuildPhase section */

/* Begin PBXSourcesBuildPhase section */
		745DA2BB200CBF5A0080C6A3 /* Sources */ = {
			isa = PBXSourcesBuildPhase;
			buildActionMask = 2147483647;
			files = (
				74DC489D200E219D008E9601 /* ConversionContainerView.swift in Sources */,
				74DC4899200DECEC008E9601 /* ConversionView.swift in Sources */,
				745DA2C5200CBF5B0080C6A3 /* ConversionViewController.swift in Sources */,
				745DA2C3200CBF5A0080C6A3 /* AppDelegate.swift in Sources */,
			);
			runOnlyForDeploymentPostprocessing = 0;
		};
/* End PBXSourcesBuildPhase section */

/* Begin PBXVariantGroup section */
		745DA2C6200CBF5B0080C6A3 /* Main.storyboard */ = {
			isa = PBXVariantGroup;
			children = (
				745DA2C7200CBF5B0080C6A3 /* Base */,
			);
			name = Main.storyboard;
			sourceTree = "<group>";
		};
		745DA2CB200CBF5B0080C6A3 /* LaunchScreen.storyboard */ = {
			isa = PBXVariantGroup;
			children = (
				745DA2CC200CBF5B0080C6A3 /* Base */,
			);
			name = LaunchScreen.storyboard;
			sourceTree = "<group>";
		};
/* End PBXVariantGroup section */

/* Begin XCBuildConfiguration section */
		745DA2CF200CBF5B0080C6A3 /* Debug */ = {
			isa = XCBuildConfiguration;
			buildSettings = {
				ALWAYS_SEARCH_USER_PATHS = NO;
				CLANG_ANALYZER_NONNULL = YES;
				CLANG_ANALYZER_NUMBER_OBJECT_CONVERSION = YES_AGGRESSIVE;
				CLANG_CXX_LANGUAGE_STANDARD = "gnu++14";
				CLANG_CXX_LIBRARY = "libc++";
				CLANG_ENABLE_MODULES = YES;
				CLANG_ENABLE_OBJC_ARC = YES;
				CLANG_WARN_BLOCK_CAPTURE_AUTORELEASING = YES;
				CLANG_WARN_BOOL_CONVERSION = YES;
				CLANG_WARN_COMMA = YES;
				CLANG_WARN_CONSTANT_CONVERSION = YES;
				CLANG_WARN_DIRECT_OBJC_ISA_USAGE = YES_ERROR;
				CLANG_WARN_DOCUMENTATION_COMMENTS = YES;
				CLANG_WARN_EMPTY_BODY = YES;
				CLANG_WARN_ENUM_CONVERSION = YES;
				CLANG_WARN_INFINITE_RECURSION = YES;
				CLANG_WARN_INT_CONVERSION = YES;
				CLANG_WARN_NON_LITERAL_NULL_CONVERSION = YES;
				CLANG_WARN_OBJC_LITERAL_CONVERSION = YES;
				CLANG_WARN_OBJC_ROOT_CLASS = YES_ERROR;
				CLANG_WARN_RANGE_LOOP_ANALYSIS = YES;
				CLANG_WARN_STRICT_PROTOTYPES = YES;
				CLANG_WARN_SUSPICIOUS_MOVE = YES;
				CLANG_WARN_UNGUARDED_AVAILABILITY = YES_AGGRESSIVE;
				CLANG_WARN_UNREACHABLE_CODE = YES;
				CLANG_WARN__DUPLICATE_METHOD_MATCH = YES;
				CODE_SIGN_IDENTITY = "iPhone Developer";
				COPY_PHASE_STRIP = NO;
				DEBUG_INFORMATION_FORMAT = dwarf;
				ENABLE_STRICT_OBJC_MSGSEND = YES;
				ENABLE_TESTABILITY = YES;
				GCC_C_LANGUAGE_STANDARD = gnu11;
				GCC_DYNAMIC_NO_PIC = NO;
				GCC_NO_COMMON_BLOCKS = YES;
				GCC_OPTIMIZATION_LEVEL = 0;
				GCC_PREPROCESSOR_DEFINITIONS = (
					"DEBUG=1",
					"$(inherited)",
				);
				GCC_WARN_64_TO_32_BIT_CONVERSION = YES;
				GCC_WARN_ABOUT_RETURN_TYPE = YES_ERROR;
				GCC_WARN_UNDECLARED_SELECTOR = YES;
				GCC_WARN_UNINITIALIZED_AUTOS = YES_AGGRESSIVE;
				GCC_WARN_UNUSED_FUNCTION = YES;
				GCC_WARN_UNUSED_VARIABLE = YES;
				IPHONEOS_DEPLOYMENT_TARGET = 11.0;
				MTL_ENABLE_DEBUG_INFO = YES;
				ONLY_ACTIVE_ARCH = YES;
				SDKROOT = iphoneos;
				SWIFT_ACTIVE_COMPILATION_CONDITIONS = DEBUG;
				SWIFT_OPTIMIZATION_LEVEL = "-Onone";
			};
			name = Debug;
		};
		745DA2D0200CBF5B0080C6A3 /* Release */ = {
			isa = XCBuildConfiguration;
			buildSettings = {
				ALWAYS_SEARCH_USER_PATHS = NO;
				CLANG_ANALYZER_NONNULL = YES;
				CLANG_ANALYZER_NUMBER_OBJECT_CONVERSION = YES_AGGRESSIVE;
				CLANG_CXX_LANGUAGE_STANDARD = "gnu++14";
				CLANG_CXX_LIBRARY = "libc++";
				CLANG_ENABLE_MODULES = YES;
				CLANG_ENABLE_OBJC_ARC = YES;
				CLANG_WARN_BLOCK_CAPTURE_AUTORELEASING = YES;
				CLANG_WARN_BOOL_CONVERSION = YES;
				CLANG_WARN_COMMA = YES;
				CLANG_WARN_CONSTANT_CONVERSION = YES;
				CLANG_WARN_DIRECT_OBJC_ISA_USAGE = YES_ERROR;
				CLANG_WARN_DOCUMENTATION_COMMENTS = YES;
				CLANG_WARN_EMPTY_BODY = YES;
				CLANG_WARN_ENUM_CONVERSION = YES;
				CLANG_WARN_INFINITE_RECURSION = YES;
				CLANG_WARN_INT_CONVERSION = YES;
				CLANG_WARN_NON_LITERAL_NULL_CONVERSION = YES;
				CLANG_WARN_OBJC_LITERAL_CONVERSION = YES;
				CLANG_WARN_OBJC_ROOT_CLASS = YES_ERROR;
				CLANG_WARN_RANGE_LOOP_ANALYSIS = YES;
				CLANG_WARN_STRICT_PROTOTYPES = YES;
				CLANG_WARN_SUSPICIOUS_MOVE = YES;
				CLANG_WARN_UNGUARDED_AVAILABILITY = YES_AGGRESSIVE;
				CLANG_WARN_UNREACHABLE_CODE = YES;
				CLANG_WARN__DUPLICATE_METHOD_MATCH = YES;
				CODE_SIGN_IDENTITY = "iPhone Developer";
				COPY_PHASE_STRIP = NO;
				DEBUG_INFORMATION_FORMAT = "dwarf-with-dsym";
				ENABLE_NS_ASSERTIONS = NO;
				ENABLE_STRICT_OBJC_MSGSEND = YES;
				GCC_C_LANGUAGE_STANDARD = gnu11;
				GCC_NO_COMMON_BLOCKS = YES;
				GCC_WARN_64_TO_32_BIT_CONVERSION = YES;
				GCC_WARN_ABOUT_RETURN_TYPE = YES_ERROR;
				GCC_WARN_UNDECLARED_SELECTOR = YES;
				GCC_WARN_UNINITIALIZED_AUTOS = YES_AGGRESSIVE;
				GCC_WARN_UNUSED_FUNCTION = YES;
				GCC_WARN_UNUSED_VARIABLE = YES;
				IPHONEOS_DEPLOYMENT_TARGET = 11.0;
				MTL_ENABLE_DEBUG_INFO = NO;
				SDKROOT = iphoneos;
				SWIFT_OPTIMIZATION_LEVEL = "-Owholemodule";
				VALIDATE_PRODUCT = YES;
			};
			name = Release;
		};
		745DA2D2200CBF5B0080C6A3 /* Debug */ = {
			isa = XCBuildConfiguration;
			buildSettings = {
				ASSETCATALOG_COMPILER_APPICON_NAME = AppIcon;
				CODE_SIGN_STYLE = Automatic;
				DEVELOPMENT_TEAM = 9ZD3XLU543;
				INFOPLIST_FILE = "$(SRCROOT)/BHD-INR/Supporting files/Info.plist";
				LD_RUNPATH_SEARCH_PATHS = "$(inherited) @executable_path/Frameworks";
				PRODUCT_BUNDLE_IDENTIFIER = "com.e-legion.BHD-INR";
				PRODUCT_NAME = "$(TARGET_NAME)";
				SWIFT_VERSION = 4.2;
				TARGETED_DEVICE_FAMILY = "1,2";
			};
			name = Debug;
		};
		745DA2D3200CBF5B0080C6A3 /* Release */ = {
			isa = XCBuildConfiguration;
			buildSettings = {
				ASSETCATALOG_COMPILER_APPICON_NAME = AppIcon;
				CODE_SIGN_STYLE = Automatic;
				DEVELOPMENT_TEAM = 9ZD3XLU543;
				INFOPLIST_FILE = "$(SRCROOT)/BHD-INR/Supporting files/Info.plist";
				LD_RUNPATH_SEARCH_PATHS = "$(inherited) @executable_path/Frameworks";
				PRODUCT_BUNDLE_IDENTIFIER = "com.e-legion.BHD-INR";
				PRODUCT_NAME = "$(TARGET_NAME)";
				SWIFT_VERSION = 4.2;
				TARGETED_DEVICE_FAMILY = "1,2";
			};
			name = Release;
		};
/* End XCBuildConfiguration section */

/* Begin XCConfigurationList section */
		745DA2BA200CBF5A0080C6A3 /* Build configuration list for PBXProject "BHD-INR" */ = {
			isa = XCConfigurationList;
			buildConfigurations = (
				745DA2CF200CBF5B0080C6A3 /* Debug */,
				745DA2D0200CBF5B0080C6A3 /* Release */,
			);
			defaultConfigurationIsVisible = 0;
			defaultConfigurationName = Release;
		};
		745DA2D1200CBF5B0080C6A3 /* Build configuration list for PBXNativeTarget "BHD-INR" */ = {
			isa = XCConfigurationList;
			buildConfigurations = (
				745DA2D2200CBF5B0080C6A3 /* Debug */,
				745DA2D3200CBF5B0080C6A3 /* Release */,
			);
			defaultConfigurationIsVisible = 0;
			defaultConfigurationName = Release;
		};
/* End XCConfigurationList section */
	};
	rootObject = 745DA2B7200CBF5A0080C6A3 /* Project object */;
}
